
Microsoft Visual Studio Solution File, Format Version 12.00
# Visual Studio 2012
Project("{FAE04EC0-301F-11D3-BF4B-00C04F79EFBC}") = "ObserverDeseni", "ObserverDeseni\ObserverDeseni.csproj", "{2EC12E6A-BBD2-41C2-9C62-CC08FEE88B7B}"
EndProject
Global
	GlobalSection(SolutionConfigurationPlatforms) = preSolution
		Debug|Any CPU = Debug|Any CPU
		Release|Any CPU = Release|Any CPU
	EndGlobalSection
	GlobalSection(ProjectConfigurationPlatforms) = postSolution
		{2EC12E6A-BBD2-41C2-9C62-CC08FEE88B7B}.Debug|Any CPU.ActiveCfg = Debug|Any CPU
		{2EC12E6A-BBD2-41C2-9C62-CC08FEE88B7B}.Debug|Any CPU.Build.0 = Debug|Any CPU
		{2EC12E6A-BBD2-41C2-9C62-CC08FEE88B7B}.Release|Any CPU.ActiveCfg = Release|Any CPU
		{2EC12E6A-BBD2-41C2-9C62-CC08FEE88B7B}.Release|Any CPU.Build.0 = Release|Any CPU
	EndGlobalSection
	GlobalSection(SolutionProperties) = preSolution
		HideSolutionNode = FALSE
	EndGlobalSection
EndGlobal
